// !$*UTF8*$!
{
	archiveVersion = 1;
	classes = {
	};
	objectVersion = 52;
	objects = {

/* Begin PBXBuildFile section */
		7153764624DA96A70046F8A1 /* AppDelegate.swift in Sources */ = {isa = PBXBuildFile; fileRef = 7153764524DA96A70046F8A1 /* AppDelegate.swift */; };
		7153764824DA96A70046F8A1 /* SceneDelegate.swift in Sources */ = {isa = PBXBuildFile; fileRef = 7153764724DA96A70046F8A1 /* SceneDelegate.swift */; };
		7153764A24DA96A70046F8A1 /* ViewController.swift in Sources */ = {isa = PBXBuildFile; fileRef = 7153764924DA96A70046F8A1 /* ViewController.swift */; };
		7153764D24DA96A70046F8A1 /* Main.storyboard in Resources */ = {isa = PBXBuildFile; fileRef = 7153764B24DA96A70046F8A1 /* Main.storyboard */; };
		7153765224DA96A80046F8A1 /* LaunchScreen.storyboard in Resources */ = {isa = PBXBuildFile; fileRef = 7153765024DA96A80046F8A1 /* LaunchScreen.storyboard */; };
		7153765C24DAA5630046F8A1 /* NDIWrapper.xcframework in Embed Frameworks */ = {isa = PBXBuildFile; fileRef = 7153765A24DAA5630046F8A1 /* NDIWrapper.xcframework */; settings = {ATTRIBUTES = (CodeSignOnCopy, ); }; };
		7153765F24DAA5CC0046F8A1 /* NDIWrapper.xcframework in Frameworks */ = {isa = PBXBuildFile; fileRef = 7153765E24DAA5CC0046F8A1 /* NDIWrapper.xcframework */; };
		71550BFA24DAA770004278D6 /* Pods_ndi_identiface_sample_public_ios.framework in Frameworks */ = {isa = PBXBuildFile; fileRef = CDE84D4E40F528073390A8C0 /* Pods_ndi_identiface_sample_public_ios.framework */; };
		71550BFB24DAA770004278D6 /* Pods_ndi_identiface_sample_public_ios.framework in Embed Frameworks */ = {isa = PBXBuildFile; fileRef = CDE84D4E40F528073390A8C0 /* Pods_ndi_identiface_sample_public_ios.framework */; settings = {ATTRIBUTES = (CodeSignOnCopy, RemoveHeadersOnCopy, ); }; };
		7156BB4524DC06F400564ED1 /* Assets.xcassets in Resources */ = {isa = PBXBuildFile; fileRef = 7153764E24DA96A80046F8A1 /* Assets.xcassets */; };
		7156BB4724DC071400564ED1 /* logo.png in Resources */ = {isa = PBXBuildFile; fileRef = 7156BB4624DC071400564ED1 /* logo.png */; };
		71B3166624E26E420088D448 /* LoggedIn.swift in Sources */ = {isa = PBXBuildFile; fileRef = 71B3166524E26E420088D448 /* LoggedIn.swift */; };
		71BF14C724DD4B6400147474 /* ErrorMessages.swift in Sources */ = {isa = PBXBuildFile; fileRef = 71BF14C624DD4B6400147474 /* ErrorMessages.swift */; };
/* End PBXBuildFile section */

/* Begin PBXCopyFilesBuildPhase section */
		7153765D24DAA5630046F8A1 /* Embed Frameworks */ = {
			isa = PBXCopyFilesBuildPhase;
			buildActionMask = 2147483647;
			dstPath = "";
			dstSubfolderSpec = 10;
			files = (
				7153765C24DAA5630046F8A1 /* NDIWrapper.xcframework in Embed Frameworks */,
				71550BFB24DAA770004278D6 /* Pods_ndi_identiface_sample_public_ios.framework in Embed Frameworks */,
			);
			name = "Embed Frameworks";
			runOnlyForDeploymentPostprocessing = 0;
		};
/* End PBXCopyFilesBuildPhase section */

/* Begin PBXFileReference section */
		512A7825DEA6560BADA20BC9 /* Pods-ndi-identiface-sample-public-ios.release.xcconfig */ = {isa = PBXFileReference; includeInIndex = 1; lastKnownFileType = text.xcconfig; name = "Pods-ndi-identiface-sample-public-ios.release.xcconfig"; path = "Target Support Files/Pods-ndi-identiface-sample-public-ios/Pods-ndi-identiface-sample-public-ios.release.xcconfig"; sourceTree = "<group>"; };
		65C9E97D15CF32ADF4D2FD77 /* Pods-ndi-identiface-sample-public-ios.debug.xcconfig */ = {isa = PBXFileReference; includeInIndex = 1; lastKnownFileType = text.xcconfig; name = "Pods-ndi-identiface-sample-public-ios.debug.xcconfig"; path = "Target Support Files/Pods-ndi-identiface-sample-public-ios/Pods-ndi-identiface-sample-public-ios.debug.xcconfig"; sourceTree = "<group>"; };
		7153764224DA96A70046F8A1 /* ndi-identiface-sample-public-ios.app */ = {isa = PBXFileReference; explicitFileType = wrapper.application; includeInIndex = 0; path = "ndi-identiface-sample-public-ios.app"; sourceTree = BUILT_PRODUCTS_DIR; };
		7153764524DA96A70046F8A1 /* AppDelegate.swift */ = {isa = PBXFileReference; lastKnownFileType = sourcecode.swift; path = AppDelegate.swift; sourceTree = "<group>"; };
		7153764724DA96A70046F8A1 /* SceneDelegate.swift */ = {isa = PBXFileReference; lastKnownFileType = sourcecode.swift; path = SceneDelegate.swift; sourceTree = "<group>"; };
		7153764924DA96A70046F8A1 /* ViewController.swift */ = {isa = PBXFileReference; lastKnownFileType = sourcecode.swift; path = ViewController.swift; sourceTree = "<group>"; };
		7153764C24DA96A70046F8A1 /* Base */ = {isa = PBXFileReference; lastKnownFileType = file.storyboard; name = Base; path = Base.lproj/Main.storyboard; sourceTree = "<group>"; };
		7153764E24DA96A80046F8A1 /* Assets.xcassets */ = {isa = PBXFileReference; lastKnownFileType = folder.assetcatalog; path = Assets.xcassets; sourceTree = "<group>"; };
		7153765124DA96A80046F8A1 /* Base */ = {isa = PBXFileReference; lastKnownFileType = file.storyboard; name = Base; path = Base.lproj/LaunchScreen.storyboard; sourceTree = "<group>"; };
		7153765324DA96A80046F8A1 /* Info.plist */ = {isa = PBXFileReference; lastKnownFileType = text.plist.xml; path = Info.plist; sourceTree = "<group>"; };
		7153765A24DAA5630046F8A1 /* NDIWrapper.xcframework */ = {isa = PBXFileReference; lastKnownFileType = wrapper.xcframework; name = NDIWrapper.xcframework; path = "../ndi-fbs-ios-sdk/FrameworkAndDependencies/NDIWrapper.xcframework"; sourceTree = "<group>"; };
		7153765E24DAA5CC0046F8A1 /* NDIWrapper.xcframework */ = {isa = PBXFileReference; lastKnownFileType = wrapper.xcframework; name = NDIWrapper.xcframework; path = "../ndi-fbs-ios-sdk/FrameworkAndDependencies/NDIWrapper.xcframework"; sourceTree = "<group>"; };
		7156BB4624DC071400564ED1 /* logo.png */ = {isa = PBXFileReference; lastKnownFileType = image.png; name = logo.png; path = "../../HTML_SDK/ndi-spf-html-sdk/ui/assets/img/logo.png"; sourceTree = "<group>"; };
		71B3166524E26E420088D448 /* LoggedIn.swift */ = {isa = PBXFileReference; lastKnownFileType = sourcecode.swift; path = LoggedIn.swift; sourceTree = "<group>"; };
		71BF14C624DD4B6400147474 /* ErrorMessages.swift */ = {isa = PBXFileReference; lastKnownFileType = sourcecode.swift; path = ErrorMessages.swift; sourceTree = "<group>"; };
		CDE84D4E40F528073390A8C0 /* Pods_ndi_identiface_sample_public_ios.framework */ = {isa = PBXFileReference; explicitFileType = wrapper.framework; includeInIndex = 0; path = Pods_ndi_identiface_sample_public_ios.framework; sourceTree = BUILT_PRODUCTS_DIR; };
/* End PBXFileReference section */

/* Begin PBXFrameworksBuildPhase section */
		7153763F24DA96A70046F8A1 /* Frameworks */ = {
			isa = PBXFrameworksBuildPhase;
			buildActionMask = 2147483647;
			files = (
				7153765F24DAA5CC0046F8A1 /* NDIWrapper.xcframework in Frameworks */,
				71550BFA24DAA770004278D6 /* Pods_ndi_identiface_sample_public_ios.framework in Frameworks */,
			);
			runOnlyForDeploymentPostprocessing = 0;
		};
/* End PBXFrameworksBuildPhase section */

/* Begin PBXGroup section */
		550BF131CAFDE0F8C954D9C6 /* Pods */ = {
			isa = PBXGroup;
			children = (
				65C9E97D15CF32ADF4D2FD77 /* Pods-ndi-identiface-sample-public-ios.debug.xcconfig */,
				512A7825DEA6560BADA20BC9 /* Pods-ndi-identiface-sample-public-ios.release.xcconfig */,
			);
			path = Pods;
			sourceTree = "<group>";
		};
		7153763924DA96A70046F8A1 = {
			isa = PBXGroup;
			children = (
				7156BB4624DC071400564ED1 /* logo.png */,
				7153765E24DAA5CC0046F8A1 /* NDIWrapper.xcframework */,
				7153764424DA96A70046F8A1 /* ndi-identiface-sample-public-ios */,
				7153764324DA96A70046F8A1 /* Products */,
				7153765924DAA5630046F8A1 /* Frameworks */,
				550BF131CAFDE0F8C954D9C6 /* Pods */,
			);
			sourceTree = "<group>";
		};
		7153764324DA96A70046F8A1 /* Products */ = {
			isa = PBXGroup;
			children = (
				7153764224DA96A70046F8A1 /* ndi-identiface-sample-public-ios.app */,
			);
			name = Products;
			sourceTree = "<group>";
		};
		7153764424DA96A70046F8A1 /* ndi-identiface-sample-public-ios */ = {
			isa = PBXGroup;
			children = (
				7153764524DA96A70046F8A1 /* AppDelegate.swift */,
				7153764724DA96A70046F8A1 /* SceneDelegate.swift */,
				7153764924DA96A70046F8A1 /* ViewController.swift */,
				7153764B24DA96A70046F8A1 /* Main.storyboard */,
				71B3166524E26E420088D448 /* LoggedIn.swift */,
				7153764E24DA96A80046F8A1 /* Assets.xcassets */,
				7153765024DA96A80046F8A1 /* LaunchScreen.storyboard */,
				7153765324DA96A80046F8A1 /* Info.plist */,
				71BF14C624DD4B6400147474 /* ErrorMessages.swift */,
			);
			path = "ndi-identiface-sample-public-ios";
			sourceTree = "<group>";
		};
		7153765924DAA5630046F8A1 /* Frameworks */ = {
			isa = PBXGroup;
			children = (
				7153765A24DAA5630046F8A1 /* NDIWrapper.xcframework */,
				CDE84D4E40F528073390A8C0 /* Pods_ndi_identiface_sample_public_ios.framework */,
			);
			name = Frameworks;
			sourceTree = "<group>";
		};
/* End PBXGroup section */

/* Begin PBXNativeTarget section */
		7153764124DA96A70046F8A1 /* ndi-identiface-sample-public-ios */ = {
			isa = PBXNativeTarget;
			buildConfigurationList = 7153765624DA96A80046F8A1 /* Build configuration list for PBXNativeTarget "ndi-identiface-sample-public-ios" */;
			buildPhases = (
				1832A29603EBFA7FC453F779 /* [CP] Check Pods Manifest.lock */,
				EFFF09CB5B0BA5D2D8D4AF74 /* [CP] Prepare Artifacts */,
				7153763E24DA96A70046F8A1 /* Sources */,
				7153763F24DA96A70046F8A1 /* Frameworks */,
				7153764024DA96A70046F8A1 /* Resources */,
				7153765D24DAA5630046F8A1 /* Embed Frameworks */,
				C1DACB49A7A01A8FF8F07995 /* [CP] Embed Pods Frameworks */,
			);
			buildRules = (
			);
			dependencies = (
			);
			name = "ndi-identiface-sample-public-ios";
			productName = "ndi-identiface-sample-public-ios";
			productReference = 7153764224DA96A70046F8A1 /* ndi-identiface-sample-public-ios.app */;
			productType = "com.apple.product-type.application";
		};
/* End PBXNativeTarget section */

/* Begin PBXProject section */
		7153763A24DA96A70046F8A1 /* Project object */ = {
			isa = PBXProject;
			attributes = {
				LastSwiftUpdateCheck = 1160;
				LastUpgradeCheck = 1160;
				ORGANIZATIONNAME = "Emmanuel Rayendra";
				TargetAttributes = {
					7153764124DA96A70046F8A1 = {
						CreatedOnToolsVersion = 11.6;
					};
				};
			};
			buildConfigurationList = 7153763D24DA96A70046F8A1 /* Build configuration list for PBXProject "ndi-identiface-sample-public-ios" */;
			compatibilityVersion = "Xcode 9.3";
			developmentRegion = en;
			hasScannedForEncodings = 0;
			knownRegions = (
				en,
				Base,
			);
			mainGroup = 7153763924DA96A70046F8A1;
			productRefGroup = 7153764324DA96A70046F8A1 /* Products */;
			projectDirPath = "";
			projectRoot = "";
			targets = (
				7153764124DA96A70046F8A1 /* ndi-identiface-sample-public-ios */,
			);
		};
/* End PBXProject section */

/* Begin PBXResourcesBuildPhase section */
		7153764024DA96A70046F8A1 /* Resources */ = {
			isa = PBXResourcesBuildPhase;
			buildActionMask = 2147483647;
			files = (
				7156BB4724DC071400564ED1 /* logo.png in Resources */,
				7156BB4524DC06F400564ED1 /* Assets.xcassets in Resources */,
				7153765224DA96A80046F8A1 /* LaunchScreen.storyboard in Resources */,
				7153764D24DA96A70046F8A1 /* Main.storyboard in Resources */,
			);
			runOnlyForDeploymentPostprocessing = 0;
		};
/* End PBXResourcesBuildPhase section */

/* Begin PBXShellScriptBuildPhase section */
		1832A29603EBFA7FC453F779 /* [CP] Check Pods Manifest.lock */ = {
			isa = PBXShellScriptBuildPhase;
			buildActionMask = 2147483647;
			files = (
			);
			inputFileListPaths = (
			);
			inputPaths = (
				"${PODS_PODFILE_DIR_PATH}/Podfile.lock",
				"${PODS_ROOT}/Manifest.lock",
			);
			name = "[CP] Check Pods Manifest.lock";
			outputFileListPaths = (
			);
			outputPaths = (
				"$(DERIVED_FILE_DIR)/Pods-ndi-identiface-sample-public-ios-checkManifestLockResult.txt",
			);
			runOnlyForDeploymentPostprocessing = 0;
			shellPath = /bin/sh;
			shellScript = "diff \"${PODS_PODFILE_DIR_PATH}/Podfile.lock\" \"${PODS_ROOT}/Manifest.lock\" > /dev/null\nif [ $? != 0 ] ; then\n    # print error to STDERR\n    echo \"error: The sandbox is not in sync with the Podfile.lock. Run 'pod install' or update your CocoaPods installation.\" >&2\n    exit 1\nfi\n# This output is used by Xcode 'outputs' to avoid re-running this script phase.\necho \"SUCCESS\" > \"${SCRIPT_OUTPUT_FILE_0}\"\n";
			showEnvVarsInLog = 0;
		};
		C1DACB49A7A01A8FF8F07995 /* [CP] Embed Pods Frameworks */ = {
			isa = PBXShellScriptBuildPhase;
			buildActionMask = 2147483647;
			files = (
			);
			inputFileListPaths = (
				"${PODS_ROOT}/Target Support Files/Pods-ndi-identiface-sample-public-ios/Pods-ndi-identiface-sample-public-ios-frameworks-${CONFIGURATION}-input-files.xcfilelist",
			);
			name = "[CP] Embed Pods Frameworks";
			outputFileListPaths = (
				"${PODS_ROOT}/Target Support Files/Pods-ndi-identiface-sample-public-ios/Pods-ndi-identiface-sample-public-ios-frameworks-${CONFIGURATION}-output-files.xcfilelist",
			);
			runOnlyForDeploymentPostprocessing = 0;
			shellPath = /bin/sh;
			shellScript = "\"${PODS_ROOT}/Target Support Files/Pods-ndi-identiface-sample-public-ios/Pods-ndi-identiface-sample-public-ios-frameworks.sh\"\n";
			showEnvVarsInLog = 0;
		};
		EFFF09CB5B0BA5D2D8D4AF74 /* [CP] Prepare Artifacts */ = {
			isa = PBXShellScriptBuildPhase;
			buildActionMask = 2147483647;
			files = (
			);
			inputFileListPaths = (
				"${PODS_ROOT}/Target Support Files/Pods-ndi-identiface-sample-public-ios/Pods-ndi-identiface-sample-public-ios-artifacts-${CONFIGURATION}-input-files.xcfilelist",
			);
			name = "[CP] Prepare Artifacts";
			outputFileListPaths = (
				"${PODS_ROOT}/Target Support Files/Pods-ndi-identiface-sample-public-ios/Pods-ndi-identiface-sample-public-ios-artifacts-${CONFIGURATION}-output-files.xcfilelist",
			);
			runOnlyForDeploymentPostprocessing = 0;
			shellPath = /bin/sh;
			shellScript = "\"${PODS_ROOT}/Target Support Files/Pods-ndi-identiface-sample-public-ios/Pods-ndi-identiface-sample-public-ios-artifacts.sh\"\n";
			showEnvVarsInLog = 0;
		};
/* End PBXShellScriptBuildPhase section */

/* Begin PBXSourcesBuildPhase section */
		7153763E24DA96A70046F8A1 /* Sources */ = {
			isa = PBXSourcesBuildPhase;
			buildActionMask = 2147483647;
			files = (
				71B3166624E26E420088D448 /* LoggedIn.swift in Sources */,
				71BF14C724DD4B6400147474 /* ErrorMessages.swift in Sources */,
				7153764A24DA96A70046F8A1 /* ViewController.swift in Sources */,
				7153764624DA96A70046F8A1 /* AppDelegate.swift in Sources */,
				7153764824DA96A70046F8A1 /* SceneDelegate.swift in Sources */,
			);
			runOnlyForDeploymentPostprocessing = 0;
		};
/* End PBXSourcesBuildPhase section */

/* Begin PBXVariantGroup section */
		7153764B24DA96A70046F8A1 /* Main.storyboard */ = {
			isa = PBXVariantGroup;
			children = (
				7153764C24DA96A70046F8A1 /* Base */,
			);
			name = Main.storyboard;
			sourceTree = "<group>";
		};
		7153765024DA96A80046F8A1 /* LaunchScreen.storyboard */ = {
			isa = PBXVariantGroup;
			children = (
				7153765124DA96A80046F8A1 /* Base */,
			);
			name = LaunchScreen.storyboard;
			sourceTree = "<group>";
		};
/* End PBXVariantGroup section */

/* Begin XCBuildConfiguration section */
		7153765424DA96A80046F8A1 /* Debug */ = {
			isa = XCBuildConfiguration;
			buildSettings = {
				ALWAYS_SEARCH_USER_PATHS = NO;
				CLANG_ANALYZER_NONNULL = YES;
				CLANG_ANALYZER_NUMBER_OBJECT_CONVERSION = YES_AGGRESSIVE;
				CLANG_CXX_LANGUAGE_STANDARD = "gnu++14";
				CLANG_CXX_LIBRARY = "libc++";
				CLANG_ENABLE_MODULES = YES;
				CLANG_ENABLE_OBJC_ARC = YES;
				CLANG_ENABLE_OBJC_WEAK = YES;
				CLANG_WARN_BLOCK_CAPTURE_AUTORELEASING = YES;
				CLANG_WARN_BOOL_CONVERSION = YES;
				CLANG_WARN_COMMA = YES;
				CLANG_WARN_CONSTANT_CONVERSION = YES;
				CLANG_WARN_DEPRECATED_OBJC_IMPLEMENTATIONS = YES;
				CLANG_WARN_DIRECT_OBJC_ISA_USAGE = YES_ERROR;
				CLANG_WARN_DOCUMENTATION_COMMENTS = YES;
				CLANG_WARN_EMPTY_BODY = YES;
				CLANG_WARN_ENUM_CONVERSION = YES;
				CLANG_WARN_INFINITE_RECURSION = YES;
				CLANG_WARN_INT_CONVERSION = YES;
				CLANG_WARN_NON_LITERAL_NULL_CONVERSION = YES;
				CLANG_WARN_OBJC_IMPLICIT_RETAIN_SELF = YES;
				CLANG_WARN_OBJC_LITERAL_CONVERSION = YES;
				CLANG_WARN_OBJC_ROOT_CLASS = YES_ERROR;
				CLANG_WARN_RANGE_LOOP_ANALYSIS = YES;
				CLANG_WARN_STRICT_PROTOTYPES = YES;
				CLANG_WARN_SUSPICIOUS_MOVE = YES;
				CLANG_WARN_UNGUARDED_AVAILABILITY = YES_AGGRESSIVE;
				CLANG_WARN_UNREACHABLE_CODE = YES;
				CLANG_WARN__DUPLICATE_METHOD_MATCH = YES;
				COPY_PHASE_STRIP = NO;
				DEBUG_INFORMATION_FORMAT = dwarf;
				ENABLE_STRICT_OBJC_MSGSEND = YES;
				ENABLE_TESTABILITY = YES;
				GCC_C_LANGUAGE_STANDARD = gnu11;
				GCC_DYNAMIC_NO_PIC = NO;
				GCC_NO_COMMON_BLOCKS = YES;
				GCC_OPTIMIZATION_LEVEL = 0;
				GCC_PREPROCESSOR_DEFINITIONS = (
					"DEBUG=1",
					"$(inherited)",
				);
				GCC_WARN_64_TO_32_BIT_CONVERSION = YES;
				GCC_WARN_ABOUT_RETURN_TYPE = YES_ERROR;
				GCC_WARN_UNDECLARED_SELECTOR = YES;
				GCC_WARN_UNINITIALIZED_AUTOS = YES_AGGRESSIVE;
				GCC_WARN_UNUSED_FUNCTION = YES;
				GCC_WARN_UNUSED_VARIABLE = YES;
				IPHONEOS_DEPLOYMENT_TARGET = 13.0;
				MTL_ENABLE_DEBUG_INFO = INCLUDE_SOURCE;
				MTL_FAST_MATH = YES;
				ONLY_ACTIVE_ARCH = YES;
				SDKROOT = iphoneos;
				SWIFT_ACTIVE_COMPILATION_CONDITIONS = DEBUG;
				SWIFT_OPTIMIZATION_LEVEL = "-Onone";
			};
			name = Debug;
		};
		7153765524DA96A80046F8A1 /* Release */ = {
			isa = XCBuildConfiguration;
			buildSettings = {
				ALWAYS_SEARCH_USER_PATHS = NO;
				CLANG_ANALYZER_NONNULL = YES;
				CLANG_ANALYZER_NUMBER_OBJECT_CONVERSION = YES_AGGRESSIVE;
				CLANG_CXX_LANGUAGE_STANDARD = "gnu++14";
				CLANG_CXX_LIBRARY = "libc++";
				CLANG_ENABLE_MODULES = YES;
				CLANG_ENABLE_OBJC_ARC = YES;
				CLANG_ENABLE_OBJC_WEAK = YES;
				CLANG_WARN_BLOCK_CAPTURE_AUTORELEASING = YES;
				CLANG_WARN_BOOL_CONVERSION = YES;
				CLANG_WARN_COMMA = YES;
				CLANG_WARN_CONSTANT_CONVERSION = YES;
				CLANG_WARN_DEPRECATED_OBJC_IMPLEMENTATIONS = YES;
				CLANG_WARN_DIRECT_OBJC_ISA_USAGE = YES_ERROR;
				CLANG_WARN_DOCUMENTATION_COMMENTS = YES;
				CLANG_WARN_EMPTY_BODY = YES;
				CLANG_WARN_ENUM_CONVERSION = YES;
				CLANG_WARN_INFINITE_RECURSION = YES;
				CLANG_WARN_INT_CONVERSION = YES;
				CLANG_WARN_NON_LITERAL_NULL_CONVERSION = YES;
				CLANG_WARN_OBJC_IMPLICIT_RETAIN_SELF = YES;
				CLANG_WARN_OBJC_LITERAL_CONVERSION = YES;
				CLANG_WARN_OBJC_ROOT_CLASS = YES_ERROR;
				CLANG_WARN_RANGE_LOOP_ANALYSIS = YES;
				CLANG_WARN_STRICT_PROTOTYPES = YES;
				CLANG_WARN_SUSPICIOUS_MOVE = YES;
				CLANG_WARN_UNGUARDED_AVAILABILITY = YES_AGGRESSIVE;
				CLANG_WARN_UNREACHABLE_CODE = YES;
				CLANG_WARN__DUPLICATE_METHOD_MATCH = YES;
				COPY_PHASE_STRIP = NO;
				DEBUG_INFORMATION_FORMAT = "dwarf-with-dsym";
				ENABLE_NS_ASSERTIONS = NO;
				ENABLE_STRICT_OBJC_MSGSEND = YES;
				GCC_C_LANGUAGE_STANDARD = gnu11;
				GCC_NO_COMMON_BLOCKS = YES;
				GCC_WARN_64_TO_32_BIT_CONVERSION = YES;
				GCC_WARN_ABOUT_RETURN_TYPE = YES_ERROR;
				GCC_WARN_UNDECLARED_SELECTOR = YES;
				GCC_WARN_UNINITIALIZED_AUTOS = YES_AGGRESSIVE;
				GCC_WARN_UNUSED_FUNCTION = YES;
				GCC_WARN_UNUSED_VARIABLE = YES;
				IPHONEOS_DEPLOYMENT_TARGET = 13.0;
				MTL_ENABLE_DEBUG_INFO = NO;
				MTL_FAST_MATH = YES;
				SDKROOT = iphoneos;
				SWIFT_COMPILATION_MODE = wholemodule;
				SWIFT_OPTIMIZATION_LEVEL = "-O";
				VALIDATE_PRODUCT = YES;
			};
			name = Release;
		};
		7153765724DA96A80046F8A1 /* Debug */ = {
			isa = XCBuildConfiguration;
			baseConfigurationReference = 65C9E97D15CF32ADF4D2FD77 /* Pods-ndi-identiface-sample-public-ios.debug.xcconfig */;
			buildSettings = {
				ASSETCATALOG_COMPILER_APPICON_NAME = AppIcon;
				CODE_SIGN_IDENTITY = "Apple Development";
				CODE_SIGN_STYLE = Automatic;
				DEVELOPMENT_TEAM = 92W9FM4VJN;
				INFOPLIST_FILE = "ndi-identiface-sample-public-ios/Info.plist";
				IPHONEOS_DEPLOYMENT_TARGET = 13.0;
				LD_RUNPATH_SEARCH_PATHS = (
					"$(inherited)",
					"@executable_path/Frameworks",
				);
				PRODUCT_BUNDLE_IDENTIFIER = identiface.demo;
				PRODUCT_NAME = "$(TARGET_NAME)";
				PROVISIONING_PROFILE_SPECIFIER = "";
				SWIFT_VERSION = 5.0;
				TARGETED_DEVICE_FAMILY = "1,2";
			};
			name = Debug;
		};
		7153765824DA96A80046F8A1 /* Release */ = {
			isa = XCBuildConfiguration;
			baseConfigurationReference = 512A7825DEA6560BADA20BC9 /* Pods-ndi-identiface-sample-public-ios.release.xcconfig */;
			buildSettings = {
				ASSETCATALOG_COMPILER_APPICON_NAME = AppIcon;
				CODE_SIGN_IDENTITY = "Apple Development";
				CODE_SIGN_STYLE = Automatic;
				DEVELOPMENT_TEAM = 92W9FM4VJN;
				INFOPLIST_FILE = "ndi-identiface-sample-public-ios/Info.plist";
				IPHONEOS_DEPLOYMENT_TARGET = 13.0;
				LD_RUNPATH_SEARCH_PATHS = (
					"$(inherited)",
					"@executable_path/Frameworks",
				);
				PRODUCT_BUNDLE_IDENTIFIER = identiface.demo;
				PRODUCT_NAME = "$(TARGET_NAME)";
				PROVISIONING_PROFILE_SPECIFIER = "";
				SWIFT_VERSION = 5.0;
				TARGETED_DEVICE_FAMILY = "1,2";
			};
			name = Release;
		};
/* End XCBuildConfiguration section */

/* Begin XCConfigurationList section */
		7153763D24DA96A70046F8A1 /* Build configuration list for PBXProject "ndi-identiface-sample-public-ios" */ = {
			isa = XCConfigurationList;
			buildConfigurations = (
				7153765424DA96A80046F8A1 /* Debug */,
				7153765524DA96A80046F8A1 /* Release */,
			);
			defaultConfigurationIsVisible = 0;
			defaultConfigurationName = Release;
		};
		7153765624DA96A80046F8A1 /* Build configuration list for PBXNativeTarget "ndi-identiface-sample-public-ios" */ = {
			isa = XCConfigurationList;
			buildConfigurations = (
				7153765724DA96A80046F8A1 /* Debug */,
				7153765824DA96A80046F8A1 /* Release */,
			);
			defaultConfigurationIsVisible = 0;
			defaultConfigurationName = Release;
		};
/* End XCConfigurationList section */
	};
	rootObject = 7153763A24DA96A70046F8A1 /* Project object */;
}
